// !$*UTF8*$!
{
	archiveVersion = 1;
	classes = {
	};
	objectVersion = 46;
	objects = {

/* Begin PBXBuildFile section */
		BD29A73D1DC4F097007078F2 /* AppDelegate.swift in Sources */ = {isa = PBXBuildFile; fileRef = BD29A73C1DC4F097007078F2 /* AppDelegate.swift */; };
		BD29A73F1DC4F097007078F2 /* ViewController.swift in Sources */ = {isa = PBXBuildFile; fileRef = BD29A73E1DC4F097007078F2 /* ViewController.swift */; };
		BD29A7421DC4F097007078F2 /* Main.storyboard in Resources */ = {isa = PBXBuildFile; fileRef = BD29A7401DC4F097007078F2 /* Main.storyboard */; };
		BD29A7441DC4F097007078F2 /* Assets.xcassets in Resources */ = {isa = PBXBuildFile; fileRef = BD29A7431DC4F097007078F2 /* Assets.xcassets */; };
		BD29A7471DC4F097007078F2 /* LaunchScreen.storyboard in Resources */ = {isa = PBXBuildFile; fileRef = BD29A7451DC4F097007078F2 /* LaunchScreen.storyboard */; };
/* End PBXBuildFile section */

/* Begin PBXFileReference section */
		BD29A7391DC4F097007078F2 /* SizeClass.app */ = {isa = PBXFileReference; explicitFileType = wrapper.application; includeInIndex = 0; path = SizeClass.app; sourceTree = BUILT_PRODUCTS_DIR; };
		BD29A73C1DC4F097007078F2 /* AppDelegate.swift */ = {isa = PBXFileReference; lastKnownFileType = sourcecode.swift; path = AppDelegate.swift; sourceTree = "<group>"; };
		BD29A73E1DC4F097007078F2 /* ViewController.swift */ = {isa = PBXFileReference; lastKnownFileType = sourcecode.swift; path = ViewController.swift; sourceTree = "<group>"; };
		BD29A7411DC4F097007078F2 /* Base */ = {isa = PBXFileReference; lastKnownFileType = file.storyboard; name = Base; path = Base.lproj/Main.storyboard; sourceTree = "<group>"; };
		BD29A7431DC4F097007078F2 /* Assets.xcassets */ = {isa = PBXFileReference; lastKnownFileType = folder.assetcatalog; path = Assets.xcassets; sourceTree = "<group>"; };
		BD29A7461DC4F097007078F2 /* Base */ = {isa = PBXFileReference; lastKnownFileType = file.storyboard; name = Base; path = Base.lproj/LaunchScreen.storyboard; sourceTree = "<group>"; };
		BD29A7481DC4F097007078F2 /* Info.plist */ = {isa = PBXFileReference; lastKnownFileType = text.plist.xml; path = Info.plist; sourceTree = "<group>"; };
/* End PBXFileReference section */

/* Begin PBXFrameworksBuildPhase section */
		BD29A7361DC4F097007078F2 /* Frameworks */ = {
			isa = PBXFrameworksBuildPhase;
			buildActionMask = 2147483647;
			files = (
			);
			runOnlyForDeploymentPostprocessing = 0;
		};
/* End PBXFrameworksBuildPhase section */

/* Begin PBXGroup section */
		BD29A7301DC4F097007078F2 = {
			isa = PBXGroup;
			children = (
				BD29A73B1DC4F097007078F2 /* SizeClass */,
				BD29A73A1DC4F097007078F2 /* Products */,
			);
			sourceTree = "<group>";
		};
		BD29A73A1DC4F097007078F2 /* Products */ = {
			isa = PBXGroup;
			children = (
				BD29A7391DC4F097007078F2 /* SizeClass.app */,
			);
			name = Products;
			sourceTree = "<group>";
		};
		BD29A73B1DC4F097007078F2 /* SizeClass */ = {
			isa = PBXGroup;
			children = (
				BD29A73C1DC4F097007078F2 /* AppDelegate.swift */,
				BD29A73E1DC4F097007078F2 /* ViewController.swift */,
				BD29A7401DC4F097007078F2 /* Main.storyboard */,
				BD29A7431DC4F097007078F2 /* Assets.xcassets */,
				BD29A7451DC4F097007078F2 /* LaunchScreen.storyboard */,
				BD29A7481DC4F097007078F2 /* Info.plist */,
			);
			path = SizeClass;
			sourceTree = "<group>";
		};
/* End PBXGroup section */

/* Begin PBXNativeTarget section */
		BD29A7381DC4F097007078F2 /* SizeClass */ = {
			isa = PBXNativeTarget;
			buildConfigurationList = BD29A74B1DC4F097007078F2 /* Build configuration list for PBXNativeTarget "SizeClass" */;
			buildPhases = (
				BD29A7351DC4F097007078F2 /* Sources */,
				BD29A7361DC4F097007078F2 /* Frameworks */,
				BD29A7371DC4F097007078F2 /* Resources */,
			);
			buildRules = (
			);
			dependencies = (
			);
			name = SizeClass;
			productName = SizeClass;
			productReference = BD29A7391DC4F097007078F2 /* SizeClass.app */;
			productType = "com.apple.product-type.application";
		};
/* End PBXNativeTarget section */

/* Begin PBXProject section */
		BD29A7311DC4F097007078F2 /* Project object */ = {
			isa = PBXProject;
			attributes = {
				LastSwiftUpdateCheck = 0800;
				LastUpgradeCheck = 0800;
				ORGANIZATIONNAME = FunLife;
				TargetAttributes = {
					BD29A7381DC4F097007078F2 = {
						CreatedOnToolsVersion = 8.0;
						ProvisioningStyle = Automatic;
					};
				};
			};
			buildConfigurationList = BD29A7341DC4F097007078F2 /* Build configuration list for PBXProject "SizeClass" */;
			compatibilityVersion = "Xcode 3.2";
			developmentRegion = English;
			hasScannedForEncodings = 0;
			knownRegions = (
				en,
				Base,
			);
			mainGroup = BD29A7301DC4F097007078F2;
			productRefGroup = BD29A73A1DC4F097007078F2 /* Products */;
			projectDirPath = "";
			projectRoot = "";
			targets = (
				BD29A7381DC4F097007078F2 /* SizeClass */,
			);
		};
/* End PBXProject section */

/* Begin PBXResourcesBuildPhase section */
		BD29A7371DC4F097007078F2 /* Resources */ = {
			isa = PBXResourcesBuildPhase;
			buildActionMask = 2147483647;
			files = (
				BD29A7471DC4F097007078F2 /* LaunchScreen.storyboard in Resources */,
				BD29A7441DC4F097007078F2 /* Assets.xcassets in Resources */,
				BD29A7421DC4F097007078F2 /* Main.storyboard in Resources */,
			);
			runOnlyForDeploymentPostprocessing = 0;
		};
/* End PBXResourcesBuildPhase section */

/* Begin PBXSourcesBuildPhase section */
		BD29A7351DC4F097007078F2 /* Sources */ = {
			isa = PBXSourcesBuildPhase;
			buildActionMask = 2147483647;
			files = (
				BD29A73F1DC4F097007078F2 /* ViewController.swift in Sources */,
				BD29A73D1DC4F097007078F2 /* AppDelegate.swift in Sources */,
			);
			runOnlyForDeploymentPostprocessing = 0;
		};
/* End PBXSourcesBuildPhase section */

/* Begin PBXVariantGroup section */
		BD29A7401DC4F097007078F2 /* Main.storyboard */ = {
			isa = PBXVariantGroup;
			children = (
				BD29A7411DC4F097007078F2 /* Base */,
			);
			name = Main.storyboard;
			sourceTree = "<group>";
		};
		BD29A7451DC4F097007078F2 /* LaunchScreen.storyboard */ = {
			isa = PBXVariantGroup;
			children = (
				BD29A7461DC4F097007078F2 /* Base */,
			);
			name = LaunchScreen.storyboard;
			sourceTree = "<group>";
		};
/* End PBXVariantGroup section */

/* Begin XCBuildConfiguration section */
		BD29A7491DC4F097007078F2 /* Debug */ = {
			isa = XCBuildConfiguration;
			buildSettings = {
				ALWAYS_SEARCH_USER_PATHS = NO;
				CLANG_ANALYZER_NONNULL = YES;
				CLANG_CXX_LANGUAGE_STANDARD = "gnu++0x";
				CLANG_CXX_LIBRARY = "libc++";
				CLANG_ENABLE_MODULES = YES;
				CLANG_ENABLE_OBJC_ARC = YES;
				CLANG_WARN_BOOL_CONVERSION = YES;
				CLANG_WARN_CONSTANT_CONVERSION = YES;
				CLANG_WARN_DIRECT_OBJC_ISA_USAGE = YES_ERROR;
				CLANG_WARN_DOCUMENTATION_COMMENTS = YES;
				CLANG_WARN_EMPTY_BODY = YES;
				CLANG_WARN_ENUM_CONVERSION = YES;
				CLANG_WARN_INFINITE_RECURSION = YES;
				CLANG_WARN_INT_CONVERSION = YES;
				CLANG_WARN_OBJC_ROOT_CLASS = YES_ERROR;
				CLANG_WARN_SUSPICIOUS_MOVES = YES;
				CLANG_WARN_UNREACHABLE_CODE = YES;
				CLANG_WARN__DUPLICATE_METHOD_MATCH = YES;
				"CODE_SIGN_IDENTITY[sdk=iphoneos*]" = "iPhone Developer";
				COPY_PHASE_STRIP = NO;
				DEBUG_INFORMATION_FORMAT = dwarf;
				ENABLE_STRICT_OBJC_MSGSEND = YES;
				ENABLE_TESTABILITY = YES;
				GCC_C_LANGUAGE_STANDARD = gnu99;
				GCC_DYNAMIC_NO_PIC = NO;
				GCC_NO_COMMON_BLOCKS = YES;
				GCC_OPTIMIZATION_LEVEL = 0;
				GCC_PREPROCESSOR_DEFINITIONS = (
					"DEBUG=1",
					"$(inherited)",
				);
				GCC_WARN_64_TO_32_BIT_CONVERSION = YES;
				GCC_WARN_ABOUT_RETURN_TYPE = YES_ERROR;
				GCC_WARN_UNDECLARED_SELECTOR = YES;
				GCC_WARN_UNINITIALIZED_AUTOS = YES_AGGRESSIVE;
				GCC_WARN_UNUSED_FUNCTION = YES;
				GCC_WARN_UNUSED_VARIABLE = YES;
				IPHONEOS_DEPLOYMENT_TARGET = 10.0;
				MTL_ENABLE_DEBUG_INFO = YES;
				ONLY_ACTIVE_ARCH = YES;
				SDKROOT = iphoneos;
				SWIFT_ACTIVE_COMPILATION_CONDITIONS = DEBUG;
				SWIFT_OPTIMIZATION_LEVEL = "-Onone";
			};
			name = Debug;
		};
		BD29A74A1DC4F097007078F2 /* Release */ = {
			isa = XCBuildConfiguration;
			buildSettings = {
				ALWAYS_SEARCH_USER_PATHS = NO;
				CLANG_ANALYZER_NONNULL = YES;
				CLANG_CXX_LANGUAGE_STANDARD = "gnu++0x";
				CLANG_CXX_LIBRARY = "libc++";
				CLANG_ENABLE_MODULES = YES;
				CLANG_ENABLE_OBJC_ARC = YES;
				CLANG_WARN_BOOL_CONVERSION = YES;
				CLANG_WARN_CONSTANT_CONVERSION = YES;
				CLANG_WARN_DIRECT_OBJC_ISA_USAGE = YES_ERROR;
				CLANG_WARN_DOCUMENTATION_COMMENTS = YES;
				CLANG_WARN_EMPTY_BODY = YES;
				CLANG_WARN_ENUM_CONVERSION = YES;
				CLANG_WARN_INFINITE_RECURSION = YES;
				CLANG_WARN_INT_CONVERSION = YES;
				CLANG_WARN_OBJC_ROOT_CLASS = YES_ERROR;
				CLANG_WARN_SUSPICIOUS_MOVES = YES;
				CLANG_WARN_UNREACHABLE_CODE = YES;
				CLANG_WARN__DUPLICATE_METHOD_MATCH = YES;
				"CODE_SIGN_IDENTITY[sdk=iphoneos*]" = "iPhone Developer";
				COPY_PHASE_STRIP = NO;
				DEBUG_INFORMATION_FORMAT = "dwarf-with-dsym";
				ENABLE_NS_ASSERTIONS = NO;
				ENABLE_STRICT_OBJC_MSGSEND = YES;
				GCC_C_LANGUAGE_STANDARD = gnu99;
				GCC_NO_COMMON_BLOCKS = YES;
				GCC_WARN_64_TO_32_BIT_CONVERSION = YES;
				GCC_WARN_ABOUT_RETURN_TYPE = YES_ERROR;
				GCC_WARN_UNDECLARED_SELECTOR = YES;
				GCC_WARN_UNINITIALIZED_AUTOS = YES_AGGRESSIVE;
				GCC_WARN_UNUSED_FUNCTION = YES;
				GCC_WARN_UNUSED_VARIABLE = YES;
				IPHONEOS_DEPLOYMENT_TARGET = 10.0;
				MTL_ENABLE_DEBUG_INFO = NO;
				SDKROOT = iphoneos;
				SWIFT_OPTIMIZATION_LEVEL = "-Owholemodule";
				VALIDATE_PRODUCT = YES;
			};
			name = Release;
		};
		BD29A74C1DC4F097007078F2 /* Debug */ = {
			isa = XCBuildConfiguration;
			buildSettings = {
				ASSETCATALOG_COMPILER_APPICON_NAME = AppIcon;
				INFOPLIST_FILE = SizeClass/Info.plist;
				LD_RUNPATH_SEARCH_PATHS = "$(inherited) @executable_path/Frameworks";
				PRODUCT_BUNDLE_IDENTIFIER = com.example.SizeClass;
				PRODUCT_NAME = "$(TARGET_NAME)";
				SWIFT_VERSION = 3.0;
			};
			name = Debug;
		};
		BD29A74D1DC4F097007078F2 /* Release */ = {
			isa = XCBuildConfiguration;
			buildSettings = {
				ASSETCATALOG_COMPILER_APPICON_NAME = AppIcon;
				INFOPLIST_FILE = SizeClass/Info.plist;
				LD_RUNPATH_SEARCH_PATHS = "$(inherited) @executable_path/Frameworks";
				PRODUCT_BUNDLE_IDENTIFIER = com.example.SizeClass;
				PRODUCT_NAME = "$(TARGET_NAME)";
				SWIFT_VERSION = 3.0;
			};
			name = Release;
		};
/* End XCBuildConfiguration section */

/* Begin XCConfigurationList section */
		BD29A7341DC4F097007078F2 /* Build configuration list for PBXProject "SizeClass" */ = {
			isa = XCConfigurationList;
			buildConfigurations = (
				BD29A7491DC4F097007078F2 /* Debug */,
				BD29A74A1DC4F097007078F2 /* Release */,
			);
			defaultConfigurationIsVisible = 0;
			defaultConfigurationName = Release;
		};
		BD29A74B1DC4F097007078F2 /* Build configuration list for PBXNativeTarget "SizeClass" */ = {
			isa = XCConfigurationList;
			buildConfigurations = (
				BD29A74C1DC4F097007078F2 /* Debug */,
				BD29A74D1DC4F097007078F2 /* Release */,
			);
			defaultConfigurationIsVisible = 0;
		};
/* End XCConfigurationList section */
	};
	rootObject = BD29A7311DC4F097007078F2 /* Project object */;
}
